# This file is autogenerated, do not edit; changes may be undone by the next 'dep ensure'.


[[projects]]
  branch = "master"
  digest = "1:1c7cce0665cbbe907a375af516836a44dc3d5c18e6bae2178e316c5c2a814e91"
  name = "github.com/cep21/xdgbasedir"
  packages = ["."]
  pruneopts = "UT"
  revision = "21470bfc93b9903bce0beaebb037b1d04d0be523"

[solve-meta]
  analyzer-name = "dep"
  analyzer-version = 1
  input-imports = ["github.com/cep21/xdgbasedir"]
  solver-name = "gps-cdcl"
  solver-version = 1
